# This file is autogenerated, do not edit; changes may be undone by the next 'dep ensure'.


[[projects]]
  name = "github.com/Clever/pathio"
  packages = ["."]
  revision = "0e1d760e1bb18e331c252947eb2a6c8d9a01583d"

[[projects]]
  name = "github.com/aws/aws-sdk-go"
  packages = ["aws","aws/awserr","aws/awsutil","aws/client","aws/client/metadata","aws/corehandlers","aws/credentials","aws/credentials/ec2rolecreds","aws/defaults","aws/ec2metadata","aws/request","aws/session","private/endpoints","private/protocol","private/protocol/query","private/protocol/query/queryutil","private/protocol/rest","private/protocol/restxml","private/protocol/xml/xmlutil","private/signer/v4","private/waiter","service/s3"]
  revision = "501dd3226ceb6863d89d82e9f7c9f59a43efb008"
  version = "v1.1.28"

[[projects]]
  name = "github.com/go-ini/ini"
  packages = ["."]
  revision = "2e44421e256d82ebbf3d4d4fcabe8930b905eff3"

[[projects]]
  name = "github.com/jmespath/go-jmespath"
  packages = ["."]
  revision = "3433f3ea46d9f8019119e7dd41274e112a2359a9"
  version = "0.2.2"

[[projects]]
  name = "github.com/stretchr/testify"
  packages = ["assert"]
  revision = "3c81d9b268122b3a8fa245f907518d716f503d2c"

[[projects]]
  name = "gopkg.in/mgo.v2"
  packages = [".","bson","internal/sasl","internal/scram"]
  revision = "f402e3a216db333ae6b3ba68b9152a34a0bc6984"

[solve-meta]
  analyzer-name = "dep"
  analyzer-version = 1
  inputs-digest = "60e2b1c1d7c0b9ced496578da6cfa9df8e7c0a02500306becae446323471b9c9"
  solver-name = "gps-cdcl"
  solver-version = 1
