# This file is autogenerated, do not edit; changes may be undone by the next 'dep ensure'.


[[projects]]
  name = "github.com/Clever/pathio"
  packages = ["."]
  revision = "0c6b7e01bb7370a45ee1cc5c06cfa7de1eb7971e"
  version = "v3.4.2"

[[projects]]
  name = "github.com/aws/aws-sdk-go"
  packages = ["aws","aws/awserr","aws/awsutil","aws/client","aws/client/metadata","aws/corehandlers","aws/credentials","aws/credentials/ec2rolecreds","aws/credentials/endpointcreds","aws/credentials/processcreds","aws/credentials/stscreds","aws/csm","aws/defaults","aws/ec2metadata","aws/endpoints","aws/request","aws/session","aws/signer/v4","internal/ini","internal/s3err","internal/sdkio","internal/sdkrand","internal/sdkuri","internal/shareddefaults","private/protocol","private/protocol/eventstream","private/protocol/eventstream/eventstreamapi","private/protocol/query","private/protocol/query/queryutil","private/protocol/rest","private/protocol/restxml","private/protocol/xml/xmlutil","service/s3","service/sts"]
  revision = "aabf189db35ba7eb5a35afe6d681fc0f70954fca"
  version = "v1.16.18"

[[projects]]
  branch = "master"
  name = "github.com/golang/mock"
  packages = ["gomock"]
  revision = "e698a2ea17fee71b248fc2bba82fc544c2017f93"

[[projects]]
  name = "github.com/jmespath/go-jmespath"
  packages = ["."]
  revision = "c2b33e84"

[[projects]]
  name = "github.com/stretchr/testify"
  packages = ["assert"]
  revision = "3c81d9b268122b3a8fa245f907518d716f503d2c"

[[projects]]
  name = "gopkg.in/mgo.v2"
  packages = [".","bson","internal/sasl","internal/scram"]
  revision = "f402e3a216db333ae6b3ba68b9152a34a0bc6984"

[solve-meta]
  analyzer-name = "dep"
  analyzer-version = 1
  inputs-digest = "60e2b1c1d7c0b9ced496578da6cfa9df8e7c0a02500306becae446323471b9c9"
  solver-name = "gps-cdcl"
  solver-version = 1
